
Microsoft Visual Studio Solution File, Format Version 12.00
# Visual Studio Version 17
VisualStudioVersion = 17.0.31903.59
MinimumVisualStudioVersion = 10.0.40219.1
Project("{FAE04EC0-301F-11D3-BF4B-00C04F79EFBC}") = "TrackItNow.Domain", "TrackItNow.Domain\TrackItNow.Domain.csproj", "{DC3AF9BE-15B6-4DB2-9715-0CBA4418BF28}"
EndProject
Global
	GlobalSection(SolutionConfigurationPlatforms) = preSolution
		Debug|Any CPU = Debug|Any CPU
		Release|Any CPU = Release|Any CPU
	EndGlobalSection
	GlobalSection(SolutionProperties) = preSolution
		HideSolutionNode = FALSE
	EndGlobalSection
	GlobalSection(ProjectConfigurationPlatforms) = postSolution
		{DC3AF9BE-15B6-4DB2-9715-0CBA4418BF28}.Debug|Any CPU.ActiveCfg = Debug|Any CPU
		{DC3AF9BE-15B6-4DB2-9715-0CBA4418BF28}.Debug|Any CPU.Build.0 = Debug|Any CPU
		{DC3AF9BE-15B6-4DB2-9715-0CBA4418BF28}.Release|Any CPU.ActiveCfg = Release|Any CPU
		{DC3AF9BE-15B6-4DB2-9715-0CBA4418BF28}.Release|Any CPU.Build.0 = Release|Any CPU
	EndGlobalSection
EndGlobal
